
Microsoft Visual Studio Solution File, Format Version 12.00
# Visual Studio Version 17
VisualStudioVersion = 17.8.34511.84
MinimumVisualStudioVersion = 10.0.40219.1
Project("{9A19103F-16F7-4668-BE54-9A1E7A4F7556}") = "PEPRN231_SU24TrialTest_StudentFullname_BE", "PEPRN231_SU24TrialTest_StudentFullname_BE\PEPRN231_SU24TrialTest_StudentFullname_BE.csproj", "{D1A3F64E-D6B4-40BC-BC89-A9D7A208DE64}"
EndProject
Project("{9A19103F-16F7-4668-BE54-9A1E7A4F7556}") = "Repository", "Repository\Repository.csproj", "{5A6B24F3-A6AC-4355-BD20-6D97A3822689}"
EndProject
Project("{9A19103F-16F7-4668-BE54-9A1E7A4F7556}") = "DataAccessObject", "DataAccessObject\DataAccessObject.csproj", "{C88CC502-83AF-45C7-8D92-7953DACDB844}"
EndProject
Project("{9A19103F-16F7-4668-BE54-9A1E7A4F7556}") = "BO", "BO\BO.csproj", "{2FE17724-2C6C-43C3-9D42-D7346E846A6F}"
EndProject
Project("{9A19103F-16F7-4668-BE54-9A1E7A4F7556}") = "PEPRN231_SU24TrialTest_StudentFullname_FE", "PEPRN231_SU24TrialTest_StudentFullname_FE\PEPRN231_SU24TrialTest_StudentFullname_FE.csproj", "{97EF6458-6C41-4C44-ADF8-535DBD3B5B25}"
EndProject
Project("{FAE04EC0-301F-11D3-BF4B-00C04F79EFBC}") = "Service", "Service\Service.csproj", "{38543B99-240D-4B20-B8A9-440F8B10F505}"
EndProject
Global
	GlobalSection(SolutionConfigurationPlatforms) = preSolution
		Debug|Any CPU = Debug|Any CPU
		Release|Any CPU = Release|Any CPU
	EndGlobalSection
	GlobalSection(ProjectConfigurationPlatforms) = postSolution
		{D1A3F64E-D6B4-40BC-BC89-A9D7A208DE64}.Debug|Any CPU.ActiveCfg = Debug|Any CPU
		{D1A3F64E-D6B4-40BC-BC89-A9D7A208DE64}.Debug|Any CPU.Build.0 = Debug|Any CPU
		{D1A3F64E-D6B4-40BC-BC89-A9D7A208DE64}.Release|Any CPU.ActiveCfg = Release|Any CPU
		{D1A3F64E-D6B4-40BC-BC89-A9D7A208DE64}.Release|Any CPU.Build.0 = Release|Any CPU
		{5A6B24F3-A6AC-4355-BD20-6D97A3822689}.Debug|Any CPU.ActiveCfg = Debug|Any CPU
		{5A6B24F3-A6AC-4355-BD20-6D97A3822689}.Debug|Any CPU.Build.0 = Debug|Any CPU
		{5A6B24F3-A6AC-4355-BD20-6D97A3822689}.Release|Any CPU.ActiveCfg = Release|Any CPU
		{5A6B24F3-A6AC-4355-BD20-6D97A3822689}.Release|Any CPU.Build.0 = Release|Any CPU
		{C88CC502-83AF-45C7-8D92-7953DACDB844}.Debug|Any CPU.ActiveCfg = Debug|Any CPU
		{C88CC502-83AF-45C7-8D92-7953DACDB844}.Debug|Any CPU.Build.0 = Debug|Any CPU
		{C88CC502-83AF-45C7-8D92-7953DACDB844}.Release|Any CPU.ActiveCfg = Release|Any CPU
		{C88CC502-83AF-45C7-8D92-7953DACDB844}.Release|Any CPU.Build.0 = Release|Any CPU
		{2FE17724-2C6C-43C3-9D42-D7346E846A6F}.Debug|Any CPU.ActiveCfg = Debug|Any CPU
		{2FE17724-2C6C-43C3-9D42-D7346E846A6F}.Debug|Any CPU.Build.0 = Debug|Any CPU
		{2FE17724-2C6C-43C3-9D42-D7346E846A6F}.Release|Any CPU.ActiveCfg = Release|Any CPU
		{2FE17724-2C6C-43C3-9D42-D7346E846A6F}.Release|Any CPU.Build.0 = Release|Any CPU
		{97EF6458-6C41-4C44-ADF8-535DBD3B5B25}.Debug|Any CPU.ActiveCfg = Debug|Any CPU
		{97EF6458-6C41-4C44-ADF8-535DBD3B5B25}.Debug|Any CPU.Build.0 = Debug|Any CPU
		{97EF6458-6C41-4C44-ADF8-535DBD3B5B25}.Release|Any CPU.ActiveCfg = Release|Any CPU
		{97EF6458-6C41-4C44-ADF8-535DBD3B5B25}.Release|Any CPU.Build.0 = Release|Any CPU
		{38543B99-240D-4B20-B8A9-440F8B10F505}.Debug|Any CPU.ActiveCfg = Debug|Any CPU
		{38543B99-240D-4B20-B8A9-440F8B10F505}.Debug|Any CPU.Build.0 = Debug|Any CPU
		{38543B99-240D-4B20-B8A9-440F8B10F505}.Release|Any CPU.ActiveCfg = Release|Any CPU
		{38543B99-240D-4B20-B8A9-440F8B10F505}.Release|Any CPU.Build.0 = Release|Any CPU
	EndGlobalSection
	GlobalSection(SolutionProperties) = preSolution
		HideSolutionNode = FALSE
	EndGlobalSection
	GlobalSection(ExtensibilityGlobals) = postSolution
		SolutionGuid = {3E5EDD16-9E0D-432A-B2C4-AFAE809331E2}
	EndGlobalSection
EndGlobal
