
Microsoft Visual Studio Solution File, Format Version 12.00
# Visual Studio Version 17
VisualStudioVersion = 17.5.33627.172
MinimumVisualStudioVersion = 10.0.40219.1
Project("{FAE04EC0-301F-11D3-BF4B-00C04F79EFBC}") = "TestFunction", "TestFunction\TestFunction.csproj", "{0976A514-B1BA-4F0A-B9BF-E3B72D55679A}"
EndProject
Global
	GlobalSection(SolutionConfigurationPlatforms) = preSolution
		Debug|Any CPU = Debug|Any CPU
		Release|Any CPU = Release|Any CPU
	EndGlobalSection
	GlobalSection(ProjectConfigurationPlatforms) = postSolution
		{0976A514-B1BA-4F0A-B9BF-E3B72D55679A}.Debug|Any CPU.ActiveCfg = Debug|Any CPU
		{0976A514-B1BA-4F0A-B9BF-E3B72D55679A}.Debug|Any CPU.Build.0 = Debug|Any CPU
		{0976A514-B1BA-4F0A-B9BF-E3B72D55679A}.Release|Any CPU.ActiveCfg = Release|Any CPU
		{0976A514-B1BA-4F0A-B9BF-E3B72D55679A}.Release|Any CPU.Build.0 = Release|Any CPU
	EndGlobalSection
	GlobalSection(SolutionProperties) = preSolution
		HideSolutionNode = FALSE
	EndGlobalSection
	GlobalSection(ExtensibilityGlobals) = postSolution
		SolutionGuid = {617865D3-815C-4B00-879B-9398ADA9A9DC}
	EndGlobalSection
EndGlobal
