
Microsoft Visual Studio Solution File, Format Version 12.00
# Visual Studio Version 17
VisualStudioVersion = 17.8.34511.84
MinimumVisualStudioVersion = 10.0.40219.1
Project("{FAE04EC0-301F-11D3-BF4B-00C04F79EFBC}") = "WcfService", "WcfService\WcfService.csproj", "{0D613A96-92FB-46BC-AC45-50E47F7F3EFA}"
EndProject
Project("{FAE04EC0-301F-11D3-BF4B-00C04F79EFBC}") = "WcfData", "WcfData\WcfData.csproj", "{F95C39C0-66C5-40F5-A4CE-59775A99C631}"
EndProject
Global
	GlobalSection(SolutionConfigurationPlatforms) = preSolution
		Debug|Any CPU = Debug|Any CPU
		Release|Any CPU = Release|Any CPU
	EndGlobalSection
	GlobalSection(ProjectConfigurationPlatforms) = postSolution
		{0D613A96-92FB-46BC-AC45-50E47F7F3EFA}.Debug|Any CPU.ActiveCfg = Debug|Any CPU
		{0D613A96-92FB-46BC-AC45-50E47F7F3EFA}.Debug|Any CPU.Build.0 = Debug|Any CPU
		{0D613A96-92FB-46BC-AC45-50E47F7F3EFA}.Release|Any CPU.ActiveCfg = Release|Any CPU
		{0D613A96-92FB-46BC-AC45-50E47F7F3EFA}.Release|Any CPU.Build.0 = Release|Any CPU
		{F95C39C0-66C5-40F5-A4CE-59775A99C631}.Debug|Any CPU.ActiveCfg = Debug|Any CPU
		{F95C39C0-66C5-40F5-A4CE-59775A99C631}.Debug|Any CPU.Build.0 = Debug|Any CPU
		{F95C39C0-66C5-40F5-A4CE-59775A99C631}.Release|Any CPU.ActiveCfg = Release|Any CPU
		{F95C39C0-66C5-40F5-A4CE-59775A99C631}.Release|Any CPU.Build.0 = Release|Any CPU
	EndGlobalSection
	GlobalSection(SolutionProperties) = preSolution
		HideSolutionNode = FALSE
	EndGlobalSection
	GlobalSection(ExtensibilityGlobals) = postSolution
		SolutionGuid = {0CBB148A-4A73-406E-A107-5F3F72478A0B}
	EndGlobalSection
EndGlobal
