
Microsoft Visual Studio Solution File, Format Version 12.00
# Visual Studio Version 17
VisualStudioVersion = 17.8.34511.84
MinimumVisualStudioVersion = 10.0.40219.1
Project("{9A19103F-16F7-4668-BE54-9A1E7A4F7556}") = "NET1711_231_ASM2_SE171581_ThaiDuong_JWT", "NET1711_231_ASM2_SE171581_ThaiDuong_JWT\NET1711_231_ASM2_SE171581_ThaiDuong_JWT.csproj", "{6E354136-C5AD-40C4-826B-A0F3DE0B811B}"
EndProject
Global
	GlobalSection(SolutionConfigurationPlatforms) = preSolution
		Debug|Any CPU = Debug|Any CPU
		Release|Any CPU = Release|Any CPU
	EndGlobalSection
	GlobalSection(ProjectConfigurationPlatforms) = postSolution
		{6E354136-C5AD-40C4-826B-A0F3DE0B811B}.Debug|Any CPU.ActiveCfg = Debug|Any CPU
		{6E354136-C5AD-40C4-826B-A0F3DE0B811B}.Debug|Any CPU.Build.0 = Debug|Any CPU
		{6E354136-C5AD-40C4-826B-A0F3DE0B811B}.Release|Any CPU.ActiveCfg = Release|Any CPU
		{6E354136-C5AD-40C4-826B-A0F3DE0B811B}.Release|Any CPU.Build.0 = Release|Any CPU
	EndGlobalSection
	GlobalSection(SolutionProperties) = preSolution
		HideSolutionNode = FALSE
	EndGlobalSection
	GlobalSection(ExtensibilityGlobals) = postSolution
		SolutionGuid = {C42967AB-836D-435B-8CDB-CBFFF1B3B5CB}
	EndGlobalSection
EndGlobal
