
Microsoft Visual Studio Solution File, Format Version 12.00
# Visual Studio Version 17
VisualStudioVersion = 17.8.34511.84
MinimumVisualStudioVersion = 10.0.40219.1
Project("{FAE04EC0-301F-11D3-BF4B-00C04F79EFBC}") = "Eyeglass_ThaiDuong", "Eyeglass_ThaiDuong\Eyeglass_ThaiDuong.csproj", "{5D45D978-CE5D-4159-A0D3-DD03E7153A25}"
EndProject
Project("{FAE04EC0-301F-11D3-BF4B-00C04F79EFBC}") = "BO", "BO\BO.csproj", "{B67354B5-C780-46BA-B225-4F9C294AD1BB}"
EndProject
Project("{FAE04EC0-301F-11D3-BF4B-00C04F79EFBC}") = "DAO", "DAO\DAO.csproj", "{7E593DF6-A010-455F-B677-039995D40BB5}"
EndProject
Project("{FAE04EC0-301F-11D3-BF4B-00C04F79EFBC}") = "Repo", "Repo\Repo.csproj", "{BD68F261-5B75-427A-B286-19E4989A698B}"
EndProject
Global
	GlobalSection(SolutionConfigurationPlatforms) = preSolution
		Debug|Any CPU = Debug|Any CPU
		Release|Any CPU = Release|Any CPU
	EndGlobalSection
	GlobalSection(ProjectConfigurationPlatforms) = postSolution
		{5D45D978-CE5D-4159-A0D3-DD03E7153A25}.Debug|Any CPU.ActiveCfg = Debug|Any CPU
		{5D45D978-CE5D-4159-A0D3-DD03E7153A25}.Debug|Any CPU.Build.0 = Debug|Any CPU
		{5D45D978-CE5D-4159-A0D3-DD03E7153A25}.Release|Any CPU.ActiveCfg = Release|Any CPU
		{5D45D978-CE5D-4159-A0D3-DD03E7153A25}.Release|Any CPU.Build.0 = Release|Any CPU
		{B67354B5-C780-46BA-B225-4F9C294AD1BB}.Debug|Any CPU.ActiveCfg = Debug|Any CPU
		{B67354B5-C780-46BA-B225-4F9C294AD1BB}.Debug|Any CPU.Build.0 = Debug|Any CPU
		{B67354B5-C780-46BA-B225-4F9C294AD1BB}.Release|Any CPU.ActiveCfg = Release|Any CPU
		{B67354B5-C780-46BA-B225-4F9C294AD1BB}.Release|Any CPU.Build.0 = Release|Any CPU
		{7E593DF6-A010-455F-B677-039995D40BB5}.Debug|Any CPU.ActiveCfg = Debug|Any CPU
		{7E593DF6-A010-455F-B677-039995D40BB5}.Debug|Any CPU.Build.0 = Debug|Any CPU
		{7E593DF6-A010-455F-B677-039995D40BB5}.Release|Any CPU.ActiveCfg = Release|Any CPU
		{7E593DF6-A010-455F-B677-039995D40BB5}.Release|Any CPU.Build.0 = Release|Any CPU
		{BD68F261-5B75-427A-B286-19E4989A698B}.Debug|Any CPU.ActiveCfg = Debug|Any CPU
		{BD68F261-5B75-427A-B286-19E4989A698B}.Debug|Any CPU.Build.0 = Debug|Any CPU
		{BD68F261-5B75-427A-B286-19E4989A698B}.Release|Any CPU.ActiveCfg = Release|Any CPU
		{BD68F261-5B75-427A-B286-19E4989A698B}.Release|Any CPU.Build.0 = Release|Any CPU
	EndGlobalSection
	GlobalSection(SolutionProperties) = preSolution
		HideSolutionNode = FALSE
	EndGlobalSection
	GlobalSection(ExtensibilityGlobals) = postSolution
		SolutionGuid = {379936E7-2879-4A61-83B3-25094C81E6E4}
	EndGlobalSection
EndGlobal
