
Microsoft Visual Studio Solution File, Format Version 12.00
# Visual Studio Version 17
VisualStudioVersion = 17.5.33627.172
MinimumVisualStudioVersion = 10.0.40219.1
Project("{FAE04EC0-301F-11D3-BF4B-00C04F79EFBC}") = "ChooseExelFolder", "ChooseExelFolder\ChooseExelFolder.csproj", "{996B4B54-B97E-4CB1-9396-9B8044FC4C31}"
EndProject
Global
	GlobalSection(SolutionConfigurationPlatforms) = preSolution
		Debug|Any CPU = Debug|Any CPU
		Release|Any CPU = Release|Any CPU
	EndGlobalSection
	GlobalSection(ProjectConfigurationPlatforms) = postSolution
		{996B4B54-B97E-4CB1-9396-9B8044FC4C31}.Debug|Any CPU.ActiveCfg = Debug|Any CPU
		{996B4B54-B97E-4CB1-9396-9B8044FC4C31}.Debug|Any CPU.Build.0 = Debug|Any CPU
		{996B4B54-B97E-4CB1-9396-9B8044FC4C31}.Release|Any CPU.ActiveCfg = Release|Any CPU
		{996B4B54-B97E-4CB1-9396-9B8044FC4C31}.Release|Any CPU.Build.0 = Release|Any CPU
	EndGlobalSection
	GlobalSection(SolutionProperties) = preSolution
		HideSolutionNode = FALSE
	EndGlobalSection
	GlobalSection(ExtensibilityGlobals) = postSolution
		SolutionGuid = {AFF83618-7D42-44AC-8541-FE1B6018DEF3}
	EndGlobalSection
EndGlobal
